Microsoft Visual Studio Solution File, Format Version 12.00
# Visual Studio Version 17
VisualStudioVersion = 17.5.2.0
MinimumVisualStudioVersion = 10.0.40219.1
Project("{2150E333-8FDC-42A3-9474-1A3956D46DE8}") = ".Rayman", ".Rayman", "{E7F632E7-CB47-18CA-0E67-8C0DABBFB188}"
EndProject
Project("{2150E333-8FDC-42A3-9474-1A3956D46DE8}") = "runtime", "runtime", "{D039BF04-AF18-BF35-CF42-DBEAC2624BCA}"
EndProject
Project("{2150E333-8FDC-42A3-9474-1A3956D46DE8}") = "bats_maui", "bats_maui", "{E099219E-C077-F450-9285-E23FAFF332FF}"
EndProject
Project("{2150E333-8FDC-42A3-9474-1A3956D46DE8}") = "ensure_deps_8PJ2Le", "ensure_deps_8PJ2Le", "{63547A8F-C71D-817F-CC11-5295B443F8CF}"
EndProject
Project("{FAE04EC0-301F-11D3-BF4B-00C04F79EFBC}") = "DeleteDir", ".Rayman\runtime\bats_maui\ensure_deps_8PJ2Le\DeleteDir\DeleteDir.csproj", "{62495CF0-9390-D3F8-1F5E-35BD2F75B556}"
EndProject
Project("{2150E333-8FDC-42A3-9474-1A3956D46DE8}") = "ensure_deps_iUgt0W", "ensure_deps_iUgt0W", "{FEB02180-A078-7293-2FF3-E58996A38604}"
EndProject
Project("{FAE04EC0-301F-11D3-BF4B-00C04F79EFBC}") = "DeleteDir", ".Rayman\runtime\bats_maui\ensure_deps_iUgt0W\DeleteDir\DeleteDir.csproj", "{B727A20A-B6F9-F12B-DB6C-517B9C140E7A}"
EndProject
Project("{2150E333-8FDC-42A3-9474-1A3956D46DE8}") = "ensure_deps_nBM4Hv", "ensure_deps_nBM4Hv", "{C1265753-264E-620E-6984-66C4ABE74E14}"
EndProject
Project("{FAE04EC0-301F-11D3-BF4B-00C04F79EFBC}") = "DeleteDir", ".Rayman\runtime\bats_maui\ensure_deps_nBM4Hv\DeleteDir\DeleteDir.csproj", "{EC4369C9-C04A-0AAD-0C3B-7B6684EF1EF0}"
EndProject
Project("{2150E333-8FDC-42A3-9474-1A3956D46DE8}") = "ensure_deps_QxQdl8", "ensure_deps_QxQdl8", "{9D3A1AEE-0D11-928E-E7A6-DD9A4204AF54}"
EndProject
Project("{FAE04EC0-301F-11D3-BF4B-00C04F79EFBC}") = "DeleteDir", ".Rayman\runtime\bats_maui\ensure_deps_QxQdl8\DeleteDir\DeleteDir.csproj", "{09AE7BDF-FF75-09BC-F6F6-FE7BDEAC8B53}"
EndProject
Project("{2150E333-8FDC-42A3-9474-1A3956D46DE8}") = "ensure_deps_RgO3uD", "ensure_deps_RgO3uD", "{E736E5F7-FA67-9ECA-5A95-E563A05C7CA7}"
EndProject
Project("{FAE04EC0-301F-11D3-BF4B-00C04F79EFBC}") = "DeleteDir", ".Rayman\runtime\bats_maui\ensure_deps_RgO3uD\DeleteDir\DeleteDir.csproj", "{7AA94A39-0407-44D6-43B3-A51FC819EDF6}"
EndProject
Project("{2150E333-8FDC-42A3-9474-1A3956D46DE8}") = "ensure_deps_UqlP05", "ensure_deps_UqlP05", "{C755AF99-3B35-AE76-D54C-E59BD39479D5}"
EndProject
Project("{FAE04EC0-301F-11D3-BF4B-00C04F79EFBC}") = "DeleteDir", ".Rayman\runtime\bats_maui\ensure_deps_UqlP05\DeleteDir\DeleteDir.csproj", "{B4F47B1C-3FF0-49CB-A083-DEF22C5ECDCF}"
EndProject
Project("{2150E333-8FDC-42A3-9474-1A3956D46DE8}") = "ensure_deps_weFc1H", "ensure_deps_weFc1H", "{17D406F0-ADA5-C039-923C-4D7CE47F9829}"
EndProject
Project("{FAE04EC0-301F-11D3-BF4B-00C04F79EFBC}") = "DeleteDir", ".Rayman\runtime\bats_maui\ensure_deps_weFc1H\DeleteDir\DeleteDir.csproj", "{BDE37BE5-2428-3270-1B45-80D0FF83171C}"
EndProject
Project("{2150E333-8FDC-42A3-9474-1A3956D46DE8}") = "scripts", "scripts", "{AED7DE3F-54C0-D78E-3B8C-2CBBB03F6DCB}"
EndProject
Project("{2150E333-8FDC-42A3-9474-1A3956D46DE8}") = "testing", "testing", "{310A99E0-19C0-6458-AA29-B9C0A6FFA0EC}"
EndProject
Project("{2150E333-8FDC-42A3-9474-1A3956D46DE8}") = "fixtures", "fixtures", "{4E7D3987-3BE1-7EA7-C845-6A75FA0E628A}"
EndProject
Project("{2150E333-8FDC-42A3-9474-1A3956D46DE8}") = "worker_smoke_app", "worker_smoke_app", "{64A8E487-9902-0C90-577F-6D9FCA3F92D7}"
EndProject
Project("{FAE04EC0-301F-11D3-BF4B-00C04F79EFBC}") = "WorkerSmokeApp", ".Rayman\scripts\testing\fixtures\worker_smoke_app\WorkerSmokeApp.csproj", "{C9740D88-83D2-C994-04C8-9D1C8639BCD9}"
EndProject
Project("{2150E333-8FDC-42A3-9474-1A3956D46DE8}") = "migration", "migration", "{E45B3C25-2C8A-E58B-6BF6-CF7C289DF1C4}"
EndProject
Project("{2150E333-8FDC-42A3-9474-1A3956D46DE8}") = "nested_rayman_20260315_072918546", "nested_rayman_20260315_072918546", "{0461A8B2-B3C4-9423-B616-D6F3D26978D7}"
EndProject
Project("{2150E333-8FDC-42A3-9474-1A3956D46DE8}") = "runtime", "runtime", "{B53F69FD-D8E8-1E22-6A70-06B4EC15ECE2}"
EndProject
Project("{2150E333-8FDC-42A3-9474-1A3956D46DE8}") = "bats_maui", "bats_maui", "{16BB8A17-CBBC-1222-4926-D85D5998A88E}"
EndProject
Project("{2150E333-8FDC-42A3-9474-1A3956D46DE8}") = "ensure_deps_RDdl9t", "ensure_deps_RDdl9t", "{F8127915-4DBE-A5EB-B87C-E1D21E9D1495}"
EndProject
Project("{FAE04EC0-301F-11D3-BF4B-00C04F79EFBC}") = "DeleteDir", ".Rayman\runtime\migration\nested_rayman_20260315_072918546\runtime\bats_maui\ensure_deps_RDdl9t\DeleteDir\DeleteDir.csproj", "{EA9EA42A-841E-E14D-1DF1-BF7EAADDDF94}"
EndProject
Project("{2150E333-8FDC-42A3-9474-1A3956D46DE8}") = "worker", "worker", "{5CCC0DDE-E946-A5D0-8A84-98BF4843AC69}"
EndProject
Project("{2150E333-8FDC-42A3-9474-1A3956D46DE8}") = "sync-temp", "sync-temp", "{F2186495-29B4-725B-B125-36864F8A8BF3}"
EndProject
Project("{2150E333-8FDC-42A3-9474-1A3956D46DE8}") = "b-65ed0702", "b-65ed0702", "{BFB3CCD0-00C7-AA42-F9EC-254B63213413}"
EndProject
Project("{2150E333-8FDC-42A3-9474-1A3956D46DE8}") = "payload", "payload", "{D02BC870-0599-D57A-A305-583E0440EE87}"
EndProject
Project("{2150E333-8FDC-42A3-9474-1A3956D46DE8}") = ".Rayman", ".Rayman", "{98FE49E4-60EC-9539-F405-65F0F2DF51E9}"
EndProject
Project("{2150E333-8FDC-42A3-9474-1A3956D46DE8}") = "scripts", "scripts", "{CA5525A4-3A66-65ED-3FA8-923E5CD245C6}"
EndProject
Project("{2150E333-8FDC-42A3-9474-1A3956D46DE8}") = "testing", "testing", "{A26D0431-4EE0-EA45-3B5F-1ED4B964BB63}"
EndProject
Project("{2150E333-8FDC-42A3-9474-1A3956D46DE8}") = "fixtures", "fixtures", "{DBA5FF12-DB22-C39F-5260-25794B2E7F1C}"
EndProject
Project("{2150E333-8FDC-42A3-9474-1A3956D46DE8}") = "worker_smoke_app", "worker_smoke_app", "{CB6966A0-C895-A17C-50AE-099DC2CE1AAF}"
EndProject
Project("{FAE04EC0-301F-11D3-BF4B-00C04F79EFBC}") = "WorkerSmokeApp", ".Rayman\runtime\worker\sync-temp\b-65ed0702\payload\.Rayman\scripts\testing\fixtures\worker_smoke_app\WorkerSmokeApp.csproj", "{54111F1E-8620-7F47-536B-AF3BF4C20709}"
EndProject
Project("{2150E333-8FDC-42A3-9474-1A3956D46DE8}") = "b-6870cfe8", "b-6870cfe8", "{9D6FF83E-AAEE-BFA0-5867-9F6D6BA542A6}"
EndProject
Project("{2150E333-8FDC-42A3-9474-1A3956D46DE8}") = "payload", "payload", "{F3A9A3D9-B6F3-A25C-E2F5-68DB8C61DBE7}"
EndProject
Project("{2150E333-8FDC-42A3-9474-1A3956D46DE8}") = ".Rayman", ".Rayman", "{5D3E689A-014D-5B70-DBE1-CEA5AF83451A}"
EndProject
Project("{2150E333-8FDC-42A3-9474-1A3956D46DE8}") = "scripts", "scripts", "{634764BD-6C98-06B7-81A5-C90B7080A21E}"
EndProject
Project("{2150E333-8FDC-42A3-9474-1A3956D46DE8}") = "testing", "testing", "{C5E0D319-3245-02A9-21FC-F6C41D681F59}"
EndProject
Project("{2150E333-8FDC-42A3-9474-1A3956D46DE8}") = "fixtures", "fixtures", "{824A0E73-02A3-B0D8-F0F3-B4B8FFE124D7}"
EndProject
Project("{2150E333-8FDC-42A3-9474-1A3956D46DE8}") = "worker_smoke_app", "worker_smoke_app", "{1BDB9709-B84D-466F-87EC-D4F7E2022BB6}"
EndProject
Project("{FAE04EC0-301F-11D3-BF4B-00C04F79EFBC}") = "WorkerSmokeApp", ".Rayman\runtime\worker\sync-temp\b-6870cfe8\payload\.Rayman\scripts\testing\fixtures\worker_smoke_app\WorkerSmokeApp.csproj", "{0D88CAB5-8779-F91A-EED1-E40F79CF174D}"
EndProject
Project("{2150E333-8FDC-42A3-9474-1A3956D46DE8}") = "b-7e5e6905", "b-7e5e6905", "{943E2D5A-52FD-4E38-FDF1-95314E112D7E}"
EndProject
Project("{2150E333-8FDC-42A3-9474-1A3956D46DE8}") = "payload", "payload", "{032F069C-63F7-6602-7052-A6480375EA03}"
EndProject
Project("{2150E333-8FDC-42A3-9474-1A3956D46DE8}") = ".Rayman", ".Rayman", "{7A6C6372-73E0-A8F5-E3B3-6195AD0D22C2}"
EndProject
Project("{2150E333-8FDC-42A3-9474-1A3956D46DE8}") = "scripts", "scripts", "{236C2253-9CF5-687F-FD2F-884584739292}"
EndProject
Project("{2150E333-8FDC-42A3-9474-1A3956D46DE8}") = "testing", "testing", "{5EF0C4E3-BE03-4825-0CB4-B187DA834D1E}"
EndProject
Project("{2150E333-8FDC-42A3-9474-1A3956D46DE8}") = "fixtures", "fixtures", "{C03F051A-7E98-7229-0D21-D7DA489D927D}"
EndProject
Project("{2150E333-8FDC-42A3-9474-1A3956D46DE8}") = "worker_smoke_app", "worker_smoke_app", "{B31A6FC5-251A-6D2F-DD93-96A4BFBDC834}"
EndProject
Project("{FAE04EC0-301F-11D3-BF4B-00C04F79EFBC}") = "WorkerSmokeApp", ".Rayman\runtime\worker\sync-temp\b-7e5e6905\payload\.Rayman\scripts\testing\fixtures\worker_smoke_app\WorkerSmokeApp.csproj", "{E60084CE-3525-8A76-3422-29C853C23196}"
EndProject
Project("{2150E333-8FDC-42A3-9474-1A3956D46DE8}") = "b-8e3fb80b", "b-8e3fb80b", "{3A8B6204-6920-CDF1-1901-BA7F726D433F}"
EndProject
Project("{2150E333-8FDC-42A3-9474-1A3956D46DE8}") = "payload", "payload", "{4291003B-8AC9-C7DB-469E-42A0EBAEA115}"
EndProject
Project("{2150E333-8FDC-42A3-9474-1A3956D46DE8}") = ".Rayman", ".Rayman", "{8370DD8F-0EB8-220A-B100-CCB5E44AEC8F}"
EndProject
Project("{2150E333-8FDC-42A3-9474-1A3956D46DE8}") = "scripts", "scripts", "{83E8F5CC-B0C0-38C4-4FFB-CF66401F0A30}"
EndProject
Project("{2150E333-8FDC-42A3-9474-1A3956D46DE8}") = "testing", "testing", "{5124D032-3E9A-7F91-E9D1-F43B381DE1D6}"
EndProject
Project("{2150E333-8FDC-42A3-9474-1A3956D46DE8}") = "fixtures", "fixtures", "{1197710F-7159-3B06-CFC5-B53D8AA443D5}"
EndProject
Project("{2150E333-8FDC-42A3-9474-1A3956D46DE8}") = "worker_smoke_app", "worker_smoke_app", "{0217420B-054D-C801-8510-0BC1FA564099}"
EndProject
Project("{FAE04EC0-301F-11D3-BF4B-00C04F79EFBC}") = "WorkerSmokeApp", ".Rayman\runtime\worker\sync-temp\b-8e3fb80b\payload\.Rayman\scripts\testing\fixtures\worker_smoke_app\WorkerSmokeApp.csproj", "{D370D68E-0D2E-6880-1E29-E6960D029C02}"
EndProject
Project("{2150E333-8FDC-42A3-9474-1A3956D46DE8}") = "b-fc872c38", "b-fc872c38", "{C1FACC40-3BAC-E0D5-E6EE-BADF6CD34D0B}"
EndProject
Project("{2150E333-8FDC-42A3-9474-1A3956D46DE8}") = "payload", "payload", "{BC8D3E15-10CA-09A8-D8EE-5385CBF6D4EE}"
EndProject
Project("{2150E333-8FDC-42A3-9474-1A3956D46DE8}") = ".Rayman", ".Rayman", "{C495E7B2-6444-01DF-2D14-4A124D2DE9D0}"
EndProject
Project("{2150E333-8FDC-42A3-9474-1A3956D46DE8}") = "scripts", "scripts", "{2419906F-7CE8-DC5C-A62D-277FEED94E54}"
EndProject
Project("{2150E333-8FDC-42A3-9474-1A3956D46DE8}") = "testing", "testing", "{DD146943-85C7-E212-8500-BDB18D5D9A08}"
EndProject
Project("{2150E333-8FDC-42A3-9474-1A3956D46DE8}") = "fixtures", "fixtures", "{F3516DAF-17FB-EC28-E386-A8D4DCDEF7D2}"
EndProject
Project("{2150E333-8FDC-42A3-9474-1A3956D46DE8}") = "worker_smoke_app", "worker_smoke_app", "{5D1E0AC4-DA89-54E4-93DD-98ED684C7585}"
EndProject
Project("{FAE04EC0-301F-11D3-BF4B-00C04F79EFBC}") = "WorkerSmokeApp", ".Rayman\runtime\worker\sync-temp\b-fc872c38\payload\.Rayman\scripts\testing\fixtures\worker_smoke_app\WorkerSmokeApp.csproj", "{C70A5C28-338B-A37F-858A-499BE1AA0C66}"
EndProject
Project("{2150E333-8FDC-42A3-9474-1A3956D46DE8}") = "b-fd5804fc", "b-fd5804fc", "{179C7627-3256-8A47-7B04-F16A985C704F}"
EndProject
Project("{2150E333-8FDC-42A3-9474-1A3956D46DE8}") = "payload", "payload", "{CB80DF30-158E-5FD4-22AE-AE99A8FF6EEA}"
EndProject
Project("{2150E333-8FDC-42A3-9474-1A3956D46DE8}") = ".Rayman", ".Rayman", "{68D6310E-541A-9B56-9F4C-3DE12465EB7B}"
EndProject
Project("{2150E333-8FDC-42A3-9474-1A3956D46DE8}") = "scripts", "scripts", "{5718EE3C-9AB0-4AA7-F940-F5E0EC2A6C35}"
EndProject
Project("{2150E333-8FDC-42A3-9474-1A3956D46DE8}") = "testing", "testing", "{E4509203-467E-FE1E-BD36-82A04D24F938}"
EndProject
Project("{2150E333-8FDC-42A3-9474-1A3956D46DE8}") = "fixtures", "fixtures", "{1EC4430A-68B1-882F-403B-DC56F961DDC3}"
EndProject
Project("{2150E333-8FDC-42A3-9474-1A3956D46DE8}") = "worker_smoke_app", "worker_smoke_app", "{3206DEDD-8449-6F44-9CB3-9B1F582B24D1}"
EndProject
Project("{FAE04EC0-301F-11D3-BF4B-00C04F79EFBC}") = "WorkerSmokeApp", ".Rayman\runtime\worker\sync-temp\b-fd5804fc\payload\.Rayman\scripts\testing\fixtures\worker_smoke_app\WorkerSmokeApp.csproj", "{850823E2-5648-C134-3270-03D95240D7A9}"
EndProject
Project("{2150E333-8FDC-42A3-9474-1A3956D46DE8}") = "x-4feb1fe8", "x-4feb1fe8", "{97BFAC6D-CECA-03C8-AEA4-BB1BFF2258D1}"
EndProject
Project("{2150E333-8FDC-42A3-9474-1A3956D46DE8}") = "payload", "payload", "{7EA5E0EA-F2B9-0E77-C3E8-BC6EC77CA7ED}"
EndProject
Project("{2150E333-8FDC-42A3-9474-1A3956D46DE8}") = ".Rayman", ".Rayman", "{4DF83306-E610-DD3E-8671-60A79FE7DE89}"
EndProject
Project("{2150E333-8FDC-42A3-9474-1A3956D46DE8}") = "scripts", "scripts", "{1350AEFE-3279-7D76-B31F-0B00D7A4E44A}"
EndProject
Project("{2150E333-8FDC-42A3-9474-1A3956D46DE8}") = "testing", "testing", "{FBCE85C5-219C-C005-5DFA-6E5BB859224F}"
EndProject
Project("{2150E333-8FDC-42A3-9474-1A3956D46DE8}") = "fixtures", "fixtures", "{DC32CEA6-B22B-65B4-B230-59B2D2AB8E88}"
EndProject
Project("{2150E333-8FDC-42A3-9474-1A3956D46DE8}") = "worker_smoke_app", "worker_smoke_app", "{38C8B13D-82CE-3BEB-2039-7B3CB83B78BD}"
EndProject
Project("{FAE04EC0-301F-11D3-BF4B-00C04F79EFBC}") = "WorkerSmokeApp", ".Rayman\runtime\worker\sync-temp\x-4feb1fe8\payload\.Rayman\scripts\testing\fixtures\worker_smoke_app\WorkerSmokeApp.csproj", "{BBDD7CEF-B29B-921F-DB8F-C09BB31ED035}"
EndProject
Project("{2150E333-8FDC-42A3-9474-1A3956D46DE8}") = "x-57f2fcb9", "x-57f2fcb9", "{F30F2F15-3E8A-85D8-AC3A-952F728B1ED2}"
EndProject
Project("{2150E333-8FDC-42A3-9474-1A3956D46DE8}") = "payload", "payload", "{0D701A6A-98E4-CD87-2B89-732A12FC7745}"
EndProject
Project("{2150E333-8FDC-42A3-9474-1A3956D46DE8}") = ".Rayman", ".Rayman", "{0E92EA53-50E6-14FF-9B03-C348F382D4B0}"
EndProject
Project("{2150E333-8FDC-42A3-9474-1A3956D46DE8}") = "scripts", "scripts", "{8C5C3337-6476-063C-9A7C-132EDAF871AF}"
EndProject
Project("{2150E333-8FDC-42A3-9474-1A3956D46DE8}") = "testing", "testing", "{9A26ED2D-3E7D-0DD8-1FF1-36F8593C7565}"
EndProject
Project("{2150E333-8FDC-42A3-9474-1A3956D46DE8}") = "fixtures", "fixtures", "{9FF694BA-1E18-C74A-1D19-6E0943B5EA50}"
EndProject
Project("{2150E333-8FDC-42A3-9474-1A3956D46DE8}") = "worker_smoke_app", "worker_smoke_app", "{224605D6-4671-1168-98A8-320C34E4EDB9}"
EndProject
Project("{FAE04EC0-301F-11D3-BF4B-00C04F79EFBC}") = "WorkerSmokeApp", ".Rayman\runtime\worker\sync-temp\x-57f2fcb9\payload\.Rayman\scripts\testing\fixtures\worker_smoke_app\WorkerSmokeApp.csproj", "{EB96DD89-02BC-AE4E-81AF-1B481B831372}"
EndProject
Project("{2150E333-8FDC-42A3-9474-1A3956D46DE8}") = "x-797d569b", "x-797d569b", "{6DE0D445-F80A-3B3B-A448-7402381B454D}"
EndProject
Project("{2150E333-8FDC-42A3-9474-1A3956D46DE8}") = "payload", "payload", "{AB70C6AA-932D-E9E2-5EFD-E89A8DB1A3CC}"
EndProject
Project("{2150E333-8FDC-42A3-9474-1A3956D46DE8}") = ".Rayman", ".Rayman", "{780D8C5F-9245-0FD5-EC36-337ADFD13E5D}"
EndProject
Project("{2150E333-8FDC-42A3-9474-1A3956D46DE8}") = "scripts", "scripts", "{DD3BEF33-CDCF-DBD7-2A97-53C4B245ECC3}"
EndProject
Project("{2150E333-8FDC-42A3-9474-1A3956D46DE8}") = "testing", "testing", "{F3BFA1A4-4F29-F317-42D4-568F61F80E91}"
EndProject
Project("{2150E333-8FDC-42A3-9474-1A3956D46DE8}") = "fixtures", "fixtures", "{6A58EA80-1D2F-0DDB-9D92-DA614FA960F8}"
EndProject
Project("{2150E333-8FDC-42A3-9474-1A3956D46DE8}") = "worker_smoke_app", "worker_smoke_app", "{533C941B-CE8B-6929-B2BF-6A318DC3FAB1}"
EndProject
Project("{FAE04EC0-301F-11D3-BF4B-00C04F79EFBC}") = "WorkerSmokeApp", ".Rayman\runtime\worker\sync-temp\x-797d569b\payload\.Rayman\scripts\testing\fixtures\worker_smoke_app\WorkerSmokeApp.csproj", "{0C6B1332-EA28-4991-A8B0-AF5CC1AB6A27}"
EndProject
Project("{2150E333-8FDC-42A3-9474-1A3956D46DE8}") = "x-809474fa", "x-809474fa", "{1F60F225-321A-FB15-C438-DD0E970067CB}"
EndProject
Project("{2150E333-8FDC-42A3-9474-1A3956D46DE8}") = "payload", "payload", "{84D0140F-0234-BA6C-8AF7-8C4B4BF51C2E}"
EndProject
Project("{2150E333-8FDC-42A3-9474-1A3956D46DE8}") = ".Rayman", ".Rayman", "{7FCE53CC-DA6F-517D-7E80-8C14D601B826}"
EndProject
Project("{2150E333-8FDC-42A3-9474-1A3956D46DE8}") = "scripts", "scripts", "{2E250E38-519B-3D9C-6848-C006F43B82F0}"
EndProject
Project("{2150E333-8FDC-42A3-9474-1A3956D46DE8}") = "testing", "testing", "{FB31E595-866C-D33F-0687-2CE249ABAC5C}"
EndProject
Project("{2150E333-8FDC-42A3-9474-1A3956D46DE8}") = "fixtures", "fixtures", "{FF08A05C-61D5-0D8D-30B0-AC17D9391C33}"
EndProject
Project("{2150E333-8FDC-42A3-9474-1A3956D46DE8}") = "worker_smoke_app", "worker_smoke_app", "{2AF48274-580A-3646-7C0F-1C7DF094115F}"
EndProject
Project("{FAE04EC0-301F-11D3-BF4B-00C04F79EFBC}") = "WorkerSmokeApp", ".Rayman\runtime\worker\sync-temp\x-809474fa\payload\.Rayman\scripts\testing\fixtures\worker_smoke_app\WorkerSmokeApp.csproj", "{3110075C-F6A1-160A-CD22-102B05BA7396}"
EndProject
Project("{2150E333-8FDC-42A3-9474-1A3956D46DE8}") = "x-9004e218", "x-9004e218", "{8E34359F-7038-2502-09A9-AAC020BEFBC2}"
EndProject
Project("{2150E333-8FDC-42A3-9474-1A3956D46DE8}") = "payload", "payload", "{AB589E49-AABF-B9C4-56DB-E7B2089A99C2}"
EndProject
Project("{2150E333-8FDC-42A3-9474-1A3956D46DE8}") = ".Rayman", ".Rayman", "{2F90BE2D-EE75-C7C7-EC21-94ECF7958EBE}"
EndProject
Project("{2150E333-8FDC-42A3-9474-1A3956D46DE8}") = "scripts", "scripts", "{3000D359-51A2-6A21-6CAE-07E330561091}"
EndProject
Project("{2150E333-8FDC-42A3-9474-1A3956D46DE8}") = "testing", "testing", "{0153BA08-3258-B2BA-7E5E-481BD89852E0}"
EndProject
Project("{2150E333-8FDC-42A3-9474-1A3956D46DE8}") = "fixtures", "fixtures", "{53BF41CC-7BD8-7FF6-D155-1D11B7BC471D}"
EndProject
Project("{2150E333-8FDC-42A3-9474-1A3956D46DE8}") = "worker_smoke_app", "worker_smoke_app", "{38C4C0A8-1AFC-28AF-7A6A-E01643DFD52F}"
EndProject
Project("{FAE04EC0-301F-11D3-BF4B-00C04F79EFBC}") = "WorkerSmokeApp", ".Rayman\runtime\worker\sync-temp\x-9004e218\payload\.Rayman\scripts\testing\fixtures\worker_smoke_app\WorkerSmokeApp.csproj", "{4A14AA61-E9B5-8A8E-DE95-C5A9DBC97ECF}"
EndProject
Project("{2150E333-8FDC-42A3-9474-1A3956D46DE8}") = "x-d7378b09", "x-d7378b09", "{2E95ACC9-7AF2-3626-029A-F18935B430AF}"
EndProject
Project("{2150E333-8FDC-42A3-9474-1A3956D46DE8}") = "payload", "payload", "{D5960E0A-EBE9-9DA1-76D8-ED83475684FC}"
EndProject
Project("{2150E333-8FDC-42A3-9474-1A3956D46DE8}") = ".Rayman", ".Rayman", "{18227564-42CC-70BA-5B00-3A4E52651ACB}"
EndProject
Project("{2150E333-8FDC-42A3-9474-1A3956D46DE8}") = "scripts", "scripts", "{C2E3C0B9-74CB-8369-D8A3-05DCCA100EC4}"
EndProject
Project("{2150E333-8FDC-42A3-9474-1A3956D46DE8}") = "testing", "testing", "{A3F197C7-925E-53AD-3661-667146C911A2}"
EndProject
Project("{2150E333-8FDC-42A3-9474-1A3956D46DE8}") = "fixtures", "fixtures", "{86207CF8-0DFB-15C4-BB1D-288EBED8CCA2}"
EndProject
Project("{2150E333-8FDC-42A3-9474-1A3956D46DE8}") = "worker_smoke_app", "worker_smoke_app", "{2575CEDE-FA02-64A1-D33B-E87168EA6470}"
EndProject
Project("{FAE04EC0-301F-11D3-BF4B-00C04F79EFBC}") = "WorkerSmokeApp", ".Rayman\runtime\worker\sync-temp\x-d7378b09\payload\.Rayman\scripts\testing\fixtures\worker_smoke_app\WorkerSmokeApp.csproj", "{9BF134B9-5A33-99A1-4BF3-C787792CF463}"
EndProject
Global
	GlobalSection(SolutionConfigurationPlatforms) = preSolution
		Debug|Any CPU = Debug|Any CPU
		Release|Any CPU = Release|Any CPU
	EndGlobalSection
	GlobalSection(ProjectConfigurationPlatforms) = postSolution
		{62495CF0-9390-D3F8-1F5E-35BD2F75B556}.Debug|Any CPU.ActiveCfg = Debug|Any CPU
		{62495CF0-9390-D3F8-1F5E-35BD2F75B556}.Debug|Any CPU.Build.0 = Debug|Any CPU
		{62495CF0-9390-D3F8-1F5E-35BD2F75B556}.Release|Any CPU.ActiveCfg = Release|Any CPU
		{62495CF0-9390-D3F8-1F5E-35BD2F75B556}.Release|Any CPU.Build.0 = Release|Any CPU
		{B727A20A-B6F9-F12B-DB6C-517B9C140E7A}.Debug|Any CPU.ActiveCfg = Debug|Any CPU
		{B727A20A-B6F9-F12B-DB6C-517B9C140E7A}.Debug|Any CPU.Build.0 = Debug|Any CPU
		{B727A20A-B6F9-F12B-DB6C-517B9C140E7A}.Release|Any CPU.ActiveCfg = Release|Any CPU
		{B727A20A-B6F9-F12B-DB6C-517B9C140E7A}.Release|Any CPU.Build.0 = Release|Any CPU
		{EC4369C9-C04A-0AAD-0C3B-7B6684EF1EF0}.Debug|Any CPU.ActiveCfg = Debug|Any CPU
		{EC4369C9-C04A-0AAD-0C3B-7B6684EF1EF0}.Debug|Any CPU.Build.0 = Debug|Any CPU
		{EC4369C9-C04A-0AAD-0C3B-7B6684EF1EF0}.Release|Any CPU.ActiveCfg = Release|Any CPU
		{EC4369C9-C04A-0AAD-0C3B-7B6684EF1EF0}.Release|Any CPU.Build.0 = Release|Any CPU
		{09AE7BDF-FF75-09BC-F6F6-FE7BDEAC8B53}.Debug|Any CPU.ActiveCfg = Debug|Any CPU
		{09AE7BDF-FF75-09BC-F6F6-FE7BDEAC8B53}.Debug|Any CPU.Build.0 = Debug|Any CPU
		{09AE7BDF-FF75-09BC-F6F6-FE7BDEAC8B53}.Release|Any CPU.ActiveCfg = Release|Any CPU
		{09AE7BDF-FF75-09BC-F6F6-FE7BDEAC8B53}.Release|Any CPU.Build.0 = Release|Any CPU
		{7AA94A39-0407-44D6-43B3-A51FC819EDF6}.Debug|Any CPU.ActiveCfg = Debug|Any CPU
		{7AA94A39-0407-44D6-43B3-A51FC819EDF6}.Debug|Any CPU.Build.0 = Debug|Any CPU
		{7AA94A39-0407-44D6-43B3-A51FC819EDF6}.Release|Any CPU.ActiveCfg = Release|Any CPU
		{7AA94A39-0407-44D6-43B3-A51FC819EDF6}.Release|Any CPU.Build.0 = Release|Any CPU
		{B4F47B1C-3FF0-49CB-A083-DEF22C5ECDCF}.Debug|Any CPU.ActiveCfg = Debug|Any CPU
		{B4F47B1C-3FF0-49CB-A083-DEF22C5ECDCF}.Debug|Any CPU.Build.0 = Debug|Any CPU
		{B4F47B1C-3FF0-49CB-A083-DEF22C5ECDCF}.Release|Any CPU.ActiveCfg = Release|Any CPU
		{B4F47B1C-3FF0-49CB-A083-DEF22C5ECDCF}.Release|Any CPU.Build.0 = Release|Any CPU
		{BDE37BE5-2428-3270-1B45-80D0FF83171C}.Debug|Any CPU.ActiveCfg = Debug|Any CPU
		{BDE37BE5-2428-3270-1B45-80D0FF83171C}.Debug|Any CPU.Build.0 = Debug|Any CPU
		{BDE37BE5-2428-3270-1B45-80D0FF83171C}.Release|Any CPU.ActiveCfg = Release|Any CPU
		{BDE37BE5-2428-3270-1B45-80D0FF83171C}.Release|Any CPU.Build.0 = Release|Any CPU
		{C9740D88-83D2-C994-04C8-9D1C8639BCD9}.Debug|Any CPU.ActiveCfg = Debug|Any CPU
		{C9740D88-83D2-C994-04C8-9D1C8639BCD9}.Debug|Any CPU.Build.0 = Debug|Any CPU
		{C9740D88-83D2-C994-04C8-9D1C8639BCD9}.Release|Any CPU.ActiveCfg = Release|Any CPU
		{C9740D88-83D2-C994-04C8-9D1C8639BCD9}.Release|Any CPU.Build.0 = Release|Any CPU
		{EA9EA42A-841E-E14D-1DF1-BF7EAADDDF94}.Debug|Any CPU.ActiveCfg = Debug|Any CPU
		{EA9EA42A-841E-E14D-1DF1-BF7EAADDDF94}.Debug|Any CPU.Build.0 = Debug|Any CPU
		{EA9EA42A-841E-E14D-1DF1-BF7EAADDDF94}.Release|Any CPU.ActiveCfg = Release|Any CPU
		{EA9EA42A-841E-E14D-1DF1-BF7EAADDDF94}.Release|Any CPU.Build.0 = Release|Any CPU
		{54111F1E-8620-7F47-536B-AF3BF4C20709}.Debug|Any CPU.ActiveCfg = Debug|Any CPU
		{54111F1E-8620-7F47-536B-AF3BF4C20709}.Debug|Any CPU.Build.0 = Debug|Any CPU
		{54111F1E-8620-7F47-536B-AF3BF4C20709}.Release|Any CPU.ActiveCfg = Release|Any CPU
		{54111F1E-8620-7F47-536B-AF3BF4C20709}.Release|Any CPU.Build.0 = Release|Any CPU
		{0D88CAB5-8779-F91A-EED1-E40F79CF174D}.Debug|Any CPU.ActiveCfg = Debug|Any CPU
		{0D88CAB5-8779-F91A-EED1-E40F79CF174D}.Debug|Any CPU.Build.0 = Debug|Any CPU
		{0D88CAB5-8779-F91A-EED1-E40F79CF174D}.Release|Any CPU.ActiveCfg = Release|Any CPU
		{0D88CAB5-8779-F91A-EED1-E40F79CF174D}.Release|Any CPU.Build.0 = Release|Any CPU
		{E60084CE-3525-8A76-3422-29C853C23196}.Debug|Any CPU.ActiveCfg = Debug|Any CPU
		{E60084CE-3525-8A76-3422-29C853C23196}.Debug|Any CPU.Build.0 = Debug|Any CPU
		{E60084CE-3525-8A76-3422-29C853C23196}.Release|Any CPU.ActiveCfg = Release|Any CPU
		{E60084CE-3525-8A76-3422-29C853C23196}.Release|Any CPU.Build.0 = Release|Any CPU
		{D370D68E-0D2E-6880-1E29-E6960D029C02}.Debug|Any CPU.ActiveCfg = Debug|Any CPU
		{D370D68E-0D2E-6880-1E29-E6960D029C02}.Debug|Any CPU.Build.0 = Debug|Any CPU
		{D370D68E-0D2E-6880-1E29-E6960D029C02}.Release|Any CPU.ActiveCfg = Release|Any CPU
		{D370D68E-0D2E-6880-1E29-E6960D029C02}.Release|Any CPU.Build.0 = Release|Any CPU
		{C70A5C28-338B-A37F-858A-499BE1AA0C66}.Debug|Any CPU.ActiveCfg = Debug|Any CPU
		{C70A5C28-338B-A37F-858A-499BE1AA0C66}.Debug|Any CPU.Build.0 = Debug|Any CPU
		{C70A5C28-338B-A37F-858A-499BE1AA0C66}.Release|Any CPU.ActiveCfg = Release|Any CPU
		{C70A5C28-338B-A37F-858A-499BE1AA0C66}.Release|Any CPU.Build.0 = Release|Any CPU
		{850823E2-5648-C134-3270-03D95240D7A9}.Debug|Any CPU.ActiveCfg = Debug|Any CPU
		{850823E2-5648-C134-3270-03D95240D7A9}.Debug|Any CPU.Build.0 = Debug|Any CPU
		{850823E2-5648-C134-3270-03D95240D7A9}.Release|Any CPU.ActiveCfg = Release|Any CPU
		{850823E2-5648-C134-3270-03D95240D7A9}.Release|Any CPU.Build.0 = Release|Any CPU
		{BBDD7CEF-B29B-921F-DB8F-C09BB31ED035}.Debug|Any CPU.ActiveCfg = Debug|Any CPU
		{BBDD7CEF-B29B-921F-DB8F-C09BB31ED035}.Debug|Any CPU.Build.0 = Debug|Any CPU
		{BBDD7CEF-B29B-921F-DB8F-C09BB31ED035}.Release|Any CPU.ActiveCfg = Release|Any CPU
		{BBDD7CEF-B29B-921F-DB8F-C09BB31ED035}.Release|Any CPU.Build.0 = Release|Any CPU
		{EB96DD89-02BC-AE4E-81AF-1B481B831372}.Debug|Any CPU.ActiveCfg = Debug|Any CPU
		{EB96DD89-02BC-AE4E-81AF-1B481B831372}.Debug|Any CPU.Build.0 = Debug|Any CPU
		{EB96DD89-02BC-AE4E-81AF-1B481B831372}.Release|Any CPU.ActiveCfg = Release|Any CPU
		{EB96DD89-02BC-AE4E-81AF-1B481B831372}.Release|Any CPU.Build.0 = Release|Any CPU
		{0C6B1332-EA28-4991-A8B0-AF5CC1AB6A27}.Debug|Any CPU.ActiveCfg = Debug|Any CPU
		{0C6B1332-EA28-4991-A8B0-AF5CC1AB6A27}.Debug|Any CPU.Build.0 = Debug|Any CPU
		{0C6B1332-EA28-4991-A8B0-AF5CC1AB6A27}.Release|Any CPU.ActiveCfg = Release|Any CPU
		{0C6B1332-EA28-4991-A8B0-AF5CC1AB6A27}.Release|Any CPU.Build.0 = Release|Any CPU
		{3110075C-F6A1-160A-CD22-102B05BA7396}.Debug|Any CPU.ActiveCfg = Debug|Any CPU
		{3110075C-F6A1-160A-CD22-102B05BA7396}.Debug|Any CPU.Build.0 = Debug|Any CPU
		{3110075C-F6A1-160A-CD22-102B05BA7396}.Release|Any CPU.ActiveCfg = Release|Any CPU
		{3110075C-F6A1-160A-CD22-102B05BA7396}.Release|Any CPU.Build.0 = Release|Any CPU
		{4A14AA61-E9B5-8A8E-DE95-C5A9DBC97ECF}.Debug|Any CPU.ActiveCfg = Debug|Any CPU
		{4A14AA61-E9B5-8A8E-DE95-C5A9DBC97ECF}.Debug|Any CPU.Build.0 = Debug|Any CPU
		{4A14AA61-E9B5-8A8E-DE95-C5A9DBC97ECF}.Release|Any CPU.ActiveCfg = Release|Any CPU
		{4A14AA61-E9B5-8A8E-DE95-C5A9DBC97ECF}.Release|Any CPU.Build.0 = Release|Any CPU
		{9BF134B9-5A33-99A1-4BF3-C787792CF463}.Debug|Any CPU.ActiveCfg = Debug|Any CPU
		{9BF134B9-5A33-99A1-4BF3-C787792CF463}.Debug|Any CPU.Build.0 = Debug|Any CPU
		{9BF134B9-5A33-99A1-4BF3-C787792CF463}.Release|Any CPU.ActiveCfg = Release|Any CPU
		{9BF134B9-5A33-99A1-4BF3-C787792CF463}.Release|Any CPU.Build.0 = Release|Any CPU
	EndGlobalSection
	GlobalSection(SolutionProperties) = preSolution
		HideSolutionNode = FALSE
	EndGlobalSection
	GlobalSection(NestedProjects) = preSolution
		{D039BF04-AF18-BF35-CF42-DBEAC2624BCA} = {E7F632E7-CB47-18CA-0E67-8C0DABBFB188}
		{E099219E-C077-F450-9285-E23FAFF332FF} = {D039BF04-AF18-BF35-CF42-DBEAC2624BCA}
		{63547A8F-C71D-817F-CC11-5295B443F8CF} = {E099219E-C077-F450-9285-E23FAFF332FF}
		{62495CF0-9390-D3F8-1F5E-35BD2F75B556} = {63547A8F-C71D-817F-CC11-5295B443F8CF}
		{FEB02180-A078-7293-2FF3-E58996A38604} = {E099219E-C077-F450-9285-E23FAFF332FF}
		{B727A20A-B6F9-F12B-DB6C-517B9C140E7A} = {FEB02180-A078-7293-2FF3-E58996A38604}
		{C1265753-264E-620E-6984-66C4ABE74E14} = {E099219E-C077-F450-9285-E23FAFF332FF}
		{EC4369C9-C04A-0AAD-0C3B-7B6684EF1EF0} = {C1265753-264E-620E-6984-66C4ABE74E14}
		{9D3A1AEE-0D11-928E-E7A6-DD9A4204AF54} = {E099219E-C077-F450-9285-E23FAFF332FF}
		{09AE7BDF-FF75-09BC-F6F6-FE7BDEAC8B53} = {9D3A1AEE-0D11-928E-E7A6-DD9A4204AF54}
		{E736E5F7-FA67-9ECA-5A95-E563A05C7CA7} = {E099219E-C077-F450-9285-E23FAFF332FF}
		{7AA94A39-0407-44D6-43B3-A51FC819EDF6} = {E736E5F7-FA67-9ECA-5A95-E563A05C7CA7}
		{C755AF99-3B35-AE76-D54C-E59BD39479D5} = {E099219E-C077-F450-9285-E23FAFF332FF}
		{B4F47B1C-3FF0-49CB-A083-DEF22C5ECDCF} = {C755AF99-3B35-AE76-D54C-E59BD39479D5}
		{17D406F0-ADA5-C039-923C-4D7CE47F9829} = {E099219E-C077-F450-9285-E23FAFF332FF}
		{BDE37BE5-2428-3270-1B45-80D0FF83171C} = {17D406F0-ADA5-C039-923C-4D7CE47F9829}
		{AED7DE3F-54C0-D78E-3B8C-2CBBB03F6DCB} = {E7F632E7-CB47-18CA-0E67-8C0DABBFB188}
		{310A99E0-19C0-6458-AA29-B9C0A6FFA0EC} = {AED7DE3F-54C0-D78E-3B8C-2CBBB03F6DCB}
		{4E7D3987-3BE1-7EA7-C845-6A75FA0E628A} = {310A99E0-19C0-6458-AA29-B9C0A6FFA0EC}
		{64A8E487-9902-0C90-577F-6D9FCA3F92D7} = {4E7D3987-3BE1-7EA7-C845-6A75FA0E628A}
		{C9740D88-83D2-C994-04C8-9D1C8639BCD9} = {64A8E487-9902-0C90-577F-6D9FCA3F92D7}
		{E45B3C25-2C8A-E58B-6BF6-CF7C289DF1C4} = {D039BF04-AF18-BF35-CF42-DBEAC2624BCA}
		{0461A8B2-B3C4-9423-B616-D6F3D26978D7} = {E45B3C25-2C8A-E58B-6BF6-CF7C289DF1C4}
		{B53F69FD-D8E8-1E22-6A70-06B4EC15ECE2} = {0461A8B2-B3C4-9423-B616-D6F3D26978D7}
		{16BB8A17-CBBC-1222-4926-D85D5998A88E} = {B53F69FD-D8E8-1E22-6A70-06B4EC15ECE2}
		{F8127915-4DBE-A5EB-B87C-E1D21E9D1495} = {16BB8A17-CBBC-1222-4926-D85D5998A88E}
		{EA9EA42A-841E-E14D-1DF1-BF7EAADDDF94} = {F8127915-4DBE-A5EB-B87C-E1D21E9D1495}
		{5CCC0DDE-E946-A5D0-8A84-98BF4843AC69} = {D039BF04-AF18-BF35-CF42-DBEAC2624BCA}
		{F2186495-29B4-725B-B125-36864F8A8BF3} = {5CCC0DDE-E946-A5D0-8A84-98BF4843AC69}
		{BFB3CCD0-00C7-AA42-F9EC-254B63213413} = {F2186495-29B4-725B-B125-36864F8A8BF3}
		{D02BC870-0599-D57A-A305-583E0440EE87} = {BFB3CCD0-00C7-AA42-F9EC-254B63213413}
		{98FE49E4-60EC-9539-F405-65F0F2DF51E9} = {D02BC870-0599-D57A-A305-583E0440EE87}
		{CA5525A4-3A66-65ED-3FA8-923E5CD245C6} = {98FE49E4-60EC-9539-F405-65F0F2DF51E9}
		{A26D0431-4EE0-EA45-3B5F-1ED4B964BB63} = {CA5525A4-3A66-65ED-3FA8-923E5CD245C6}
		{DBA5FF12-DB22-C39F-5260-25794B2E7F1C} = {A26D0431-4EE0-EA45-3B5F-1ED4B964BB63}
		{CB6966A0-C895-A17C-50AE-099DC2CE1AAF} = {DBA5FF12-DB22-C39F-5260-25794B2E7F1C}
		{54111F1E-8620-7F47-536B-AF3BF4C20709} = {CB6966A0-C895-A17C-50AE-099DC2CE1AAF}
		{9D6FF83E-AAEE-BFA0-5867-9F6D6BA542A6} = {F2186495-29B4-725B-B125-36864F8A8BF3}
		{F3A9A3D9-B6F3-A25C-E2F5-68DB8C61DBE7} = {9D6FF83E-AAEE-BFA0-5867-9F6D6BA542A6}
		{5D3E689A-014D-5B70-DBE1-CEA5AF83451A} = {F3A9A3D9-B6F3-A25C-E2F5-68DB8C61DBE7}
		{634764BD-6C98-06B7-81A5-C90B7080A21E} = {5D3E689A-014D-5B70-DBE1-CEA5AF83451A}
		{C5E0D319-3245-02A9-21FC-F6C41D681F59} = {634764BD-6C98-06B7-81A5-C90B7080A21E}
		{824A0E73-02A3-B0D8-F0F3-B4B8FFE124D7} = {C5E0D319-3245-02A9-21FC-F6C41D681F59}
		{1BDB9709-B84D-466F-87EC-D4F7E2022BB6} = {824A0E73-02A3-B0D8-F0F3-B4B8FFE124D7}
		{0D88CAB5-8779-F91A-EED1-E40F79CF174D} = {1BDB9709-B84D-466F-87EC-D4F7E2022BB6}
		{943E2D5A-52FD-4E38-FDF1-95314E112D7E} = {F2186495-29B4-725B-B125-36864F8A8BF3}
		{032F069C-63F7-6602-7052-A6480375EA03} = {943E2D5A-52FD-4E38-FDF1-95314E112D7E}
		{7A6C6372-73E0-A8F5-E3B3-6195AD0D22C2} = {032F069C-63F7-6602-7052-A6480375EA03}
		{236C2253-9CF5-687F-FD2F-884584739292} = {7A6C6372-73E0-A8F5-E3B3-6195AD0D22C2}
		{5EF0C4E3-BE03-4825-0CB4-B187DA834D1E} = {236C2253-9CF5-687F-FD2F-884584739292}
		{C03F051A-7E98-7229-0D21-D7DA489D927D} = {5EF0C4E3-BE03-4825-0CB4-B187DA834D1E}
		{B31A6FC5-251A-6D2F-DD93-96A4BFBDC834} = {C03F051A-7E98-7229-0D21-D7DA489D927D}
		{E60084CE-3525-8A76-3422-29C853C23196} = {B31A6FC5-251A-6D2F-DD93-96A4BFBDC834}
		{3A8B6204-6920-CDF1-1901-BA7F726D433F} = {F2186495-29B4-725B-B125-36864F8A8BF3}
		{4291003B-8AC9-C7DB-469E-42A0EBAEA115} = {3A8B6204-6920-CDF1-1901-BA7F726D433F}
		{8370DD8F-0EB8-220A-B100-CCB5E44AEC8F} = {4291003B-8AC9-C7DB-469E-42A0EBAEA115}
		{83E8F5CC-B0C0-38C4-4FFB-CF66401F0A30} = {8370DD8F-0EB8-220A-B100-CCB5E44AEC8F}
		{5124D032-3E9A-7F91-E9D1-F43B381DE1D6} = {83E8F5CC-B0C0-38C4-4FFB-CF66401F0A30}
		{1197710F-7159-3B06-CFC5-B53D8AA443D5} = {5124D032-3E9A-7F91-E9D1-F43B381DE1D6}
		{0217420B-054D-C801-8510-0BC1FA564099} = {1197710F-7159-3B06-CFC5-B53D8AA443D5}
		{D370D68E-0D2E-6880-1E29-E6960D029C02} = {0217420B-054D-C801-8510-0BC1FA564099}
		{C1FACC40-3BAC-E0D5-E6EE-BADF6CD34D0B} = {F2186495-29B4-725B-B125-36864F8A8BF3}
		{BC8D3E15-10CA-09A8-D8EE-5385CBF6D4EE} = {C1FACC40-3BAC-E0D5-E6EE-BADF6CD34D0B}
		{C495E7B2-6444-01DF-2D14-4A124D2DE9D0} = {BC8D3E15-10CA-09A8-D8EE-5385CBF6D4EE}
		{2419906F-7CE8-DC5C-A62D-277FEED94E54} = {C495E7B2-6444-01DF-2D14-4A124D2DE9D0}
		{DD146943-85C7-E212-8500-BDB18D5D9A08} = {2419906F-7CE8-DC5C-A62D-277FEED94E54}
		{F3516DAF-17FB-EC28-E386-A8D4DCDEF7D2} = {DD146943-85C7-E212-8500-BDB18D5D9A08}
		{5D1E0AC4-DA89-54E4-93DD-98ED684C7585} = {F3516DAF-17FB-EC28-E386-A8D4DCDEF7D2}
		{C70A5C28-338B-A37F-858A-499BE1AA0C66} = {5D1E0AC4-DA89-54E4-93DD-98ED684C7585}
		{179C7627-3256-8A47-7B04-F16A985C704F} = {F2186495-29B4-725B-B125-36864F8A8BF3}
		{CB80DF30-158E-5FD4-22AE-AE99A8FF6EEA} = {179C7627-3256-8A47-7B04-F16A985C704F}
		{68D6310E-541A-9B56-9F4C-3DE12465EB7B} = {CB80DF30-158E-5FD4-22AE-AE99A8FF6EEA}
		{5718EE3C-9AB0-4AA7-F940-F5E0EC2A6C35} = {68D6310E-541A-9B56-9F4C-3DE12465EB7B}
		{E4509203-467E-FE1E-BD36-82A04D24F938} = {5718EE3C-9AB0-4AA7-F940-F5E0EC2A6C35}
		{1EC4430A-68B1-882F-403B-DC56F961DDC3} = {E4509203-467E-FE1E-BD36-82A04D24F938}
		{3206DEDD-8449-6F44-9CB3-9B1F582B24D1} = {1EC4430A-68B1-882F-403B-DC56F961DDC3}
		{850823E2-5648-C134-3270-03D95240D7A9} = {3206DEDD-8449-6F44-9CB3-9B1F582B24D1}
		{97BFAC6D-CECA-03C8-AEA4-BB1BFF2258D1} = {F2186495-29B4-725B-B125-36864F8A8BF3}
		{7EA5E0EA-F2B9-0E77-C3E8-BC6EC77CA7ED} = {97BFAC6D-CECA-03C8-AEA4-BB1BFF2258D1}
		{4DF83306-E610-DD3E-8671-60A79FE7DE89} = {7EA5E0EA-F2B9-0E77-C3E8-BC6EC77CA7ED}
		{1350AEFE-3279-7D76-B31F-0B00D7A4E44A} = {4DF83306-E610-DD3E-8671-60A79FE7DE89}
		{FBCE85C5-219C-C005-5DFA-6E5BB859224F} = {1350AEFE-3279-7D76-B31F-0B00D7A4E44A}
		{DC32CEA6-B22B-65B4-B230-59B2D2AB8E88} = {FBCE85C5-219C-C005-5DFA-6E5BB859224F}
		{38C8B13D-82CE-3BEB-2039-7B3CB83B78BD} = {DC32CEA6-B22B-65B4-B230-59B2D2AB8E88}
		{BBDD7CEF-B29B-921F-DB8F-C09BB31ED035} = {38C8B13D-82CE-3BEB-2039-7B3CB83B78BD}
		{F30F2F15-3E8A-85D8-AC3A-952F728B1ED2} = {F2186495-29B4-725B-B125-36864F8A8BF3}
		{0D701A6A-98E4-CD87-2B89-732A12FC7745} = {F30F2F15-3E8A-85D8-AC3A-952F728B1ED2}
		{0E92EA53-50E6-14FF-9B03-C348F382D4B0} = {0D701A6A-98E4-CD87-2B89-732A12FC7745}
		{8C5C3337-6476-063C-9A7C-132EDAF871AF} = {0E92EA53-50E6-14FF-9B03-C348F382D4B0}
		{9A26ED2D-3E7D-0DD8-1FF1-36F8593C7565} = {8C5C3337-6476-063C-9A7C-132EDAF871AF}
		{9FF694BA-1E18-C74A-1D19-6E0943B5EA50} = {9A26ED2D-3E7D-0DD8-1FF1-36F8593C7565}
		{224605D6-4671-1168-98A8-320C34E4EDB9} = {9FF694BA-1E18-C74A-1D19-6E0943B5EA50}
		{EB96DD89-02BC-AE4E-81AF-1B481B831372} = {224605D6-4671-1168-98A8-320C34E4EDB9}
		{6DE0D445-F80A-3B3B-A448-7402381B454D} = {F2186495-29B4-725B-B125-36864F8A8BF3}
		{AB70C6AA-932D-E9E2-5EFD-E89A8DB1A3CC} = {6DE0D445-F80A-3B3B-A448-7402381B454D}
		{780D8C5F-9245-0FD5-EC36-337ADFD13E5D} = {AB70C6AA-932D-E9E2-5EFD-E89A8DB1A3CC}
		{DD3BEF33-CDCF-DBD7-2A97-53C4B245ECC3} = {780D8C5F-9245-0FD5-EC36-337ADFD13E5D}
		{F3BFA1A4-4F29-F317-42D4-568F61F80E91} = {DD3BEF33-CDCF-DBD7-2A97-53C4B245ECC3}
		{6A58EA80-1D2F-0DDB-9D92-DA614FA960F8} = {F3BFA1A4-4F29-F317-42D4-568F61F80E91}
		{533C941B-CE8B-6929-B2BF-6A318DC3FAB1} = {6A58EA80-1D2F-0DDB-9D92-DA614FA960F8}
		{0C6B1332-EA28-4991-A8B0-AF5CC1AB6A27} = {533C941B-CE8B-6929-B2BF-6A318DC3FAB1}
		{1F60F225-321A-FB15-C438-DD0E970067CB} = {F2186495-29B4-725B-B125-36864F8A8BF3}
		{84D0140F-0234-BA6C-8AF7-8C4B4BF51C2E} = {1F60F225-321A-FB15-C438-DD0E970067CB}
		{7FCE53CC-DA6F-517D-7E80-8C14D601B826} = {84D0140F-0234-BA6C-8AF7-8C4B4BF51C2E}
		{2E250E38-519B-3D9C-6848-C006F43B82F0} = {7FCE53CC-DA6F-517D-7E80-8C14D601B826}
		{FB31E595-866C-D33F-0687-2CE249ABAC5C} = {2E250E38-519B-3D9C-6848-C006F43B82F0}
		{FF08A05C-61D5-0D8D-30B0-AC17D9391C33} = {FB31E595-866C-D33F-0687-2CE249ABAC5C}
		{2AF48274-580A-3646-7C0F-1C7DF094115F} = {FF08A05C-61D5-0D8D-30B0-AC17D9391C33}
		{3110075C-F6A1-160A-CD22-102B05BA7396} = {2AF48274-580A-3646-7C0F-1C7DF094115F}
		{8E34359F-7038-2502-09A9-AAC020BEFBC2} = {F2186495-29B4-725B-B125-36864F8A8BF3}
		{AB589E49-AABF-B9C4-56DB-E7B2089A99C2} = {8E34359F-7038-2502-09A9-AAC020BEFBC2}
		{2F90BE2D-EE75-C7C7-EC21-94ECF7958EBE} = {AB589E49-AABF-B9C4-56DB-E7B2089A99C2}
		{3000D359-51A2-6A21-6CAE-07E330561091} = {2F90BE2D-EE75-C7C7-EC21-94ECF7958EBE}
		{0153BA08-3258-B2BA-7E5E-481BD89852E0} = {3000D359-51A2-6A21-6CAE-07E330561091}
		{53BF41CC-7BD8-7FF6-D155-1D11B7BC471D} = {0153BA08-3258-B2BA-7E5E-481BD89852E0}
		{38C4C0A8-1AFC-28AF-7A6A-E01643DFD52F} = {53BF41CC-7BD8-7FF6-D155-1D11B7BC471D}
		{4A14AA61-E9B5-8A8E-DE95-C5A9DBC97ECF} = {38C4C0A8-1AFC-28AF-7A6A-E01643DFD52F}
		{2E95ACC9-7AF2-3626-029A-F18935B430AF} = {F2186495-29B4-725B-B125-36864F8A8BF3}
		{D5960E0A-EBE9-9DA1-76D8-ED83475684FC} = {2E95ACC9-7AF2-3626-029A-F18935B430AF}
		{18227564-42CC-70BA-5B00-3A4E52651ACB} = {D5960E0A-EBE9-9DA1-76D8-ED83475684FC}
		{C2E3C0B9-74CB-8369-D8A3-05DCCA100EC4} = {18227564-42CC-70BA-5B00-3A4E52651ACB}
		{A3F197C7-925E-53AD-3661-667146C911A2} = {C2E3C0B9-74CB-8369-D8A3-05DCCA100EC4}
		{86207CF8-0DFB-15C4-BB1D-288EBED8CCA2} = {A3F197C7-925E-53AD-3661-667146C911A2}
		{2575CEDE-FA02-64A1-D33B-E87168EA6470} = {86207CF8-0DFB-15C4-BB1D-288EBED8CCA2}
		{9BF134B9-5A33-99A1-4BF3-C787792CF463} = {2575CEDE-FA02-64A1-D33B-E87168EA6470}
	EndGlobalSection
	GlobalSection(ExtensibilityGlobals) = postSolution
		SolutionGuid = {6823A3A6-868D-451B-AC6F-16BC6502B4A9}
	EndGlobalSection
EndGlobal
